// !$*UTF8*$!
{
	archiveVersion = 1;
	classes = {
	};
	objectVersion = 50;
	objects = {

/* Begin PBXBuildFile section */
		DD41006024FDAEF9009D3A24 /* AppDelegate.swift in Sources */ = {isa = PBXBuildFile; fileRef = DD41005F24FDAEF9009D3A24 /* AppDelegate.swift */; };
		DD41006224FDAEF9009D3A24 /* SceneDelegate.swift in Sources */ = {isa = PBXBuildFile; fileRef = DD41006124FDAEF9009D3A24 /* SceneDelegate.swift */; };
		DD41006424FDAEF9009D3A24 /* ViewController.swift in Sources */ = {isa = PBXBuildFile; fileRef = DD41006324FDAEF9009D3A24 /* ViewController.swift */; };
		DD41006724FDAEF9009D3A24 /* Main.storyboard in Resources */ = {isa = PBXBuildFile; fileRef = DD41006524FDAEF9009D3A24 /* Main.storyboard */; };
		DD41006924FDAEFA009D3A24 /* Assets.xcassets in Resources */ = {isa = PBXBuildFile; fileRef = DD41006824FDAEFA009D3A24 /* Assets.xcassets */; };
		DD41006C24FDAEFA009D3A24 /* LaunchScreen.storyboard in Resources */ = {isa = PBXBuildFile; fileRef = DD41006A24FDAEFA009D3A24 /* LaunchScreen.storyboard */; };
/* End PBXBuildFile section */

/* Begin PBXFileReference section */
		DD41005C24FDAEF9009D3A24 /* Pensamentos.app */ = {isa = PBXFileReference; explicitFileType = wrapper.application; includeInIndex = 0; path = Pensamentos.app; sourceTree = BUILT_PRODUCTS_DIR; };
		DD41005F24FDAEF9009D3A24 /* AppDelegate.swift */ = {isa = PBXFileReference; lastKnownFileType = sourcecode.swift; path = AppDelegate.swift; sourceTree = "<group>"; };
		DD41006124FDAEF9009D3A24 /* SceneDelegate.swift */ = {isa = PBXFileReference; lastKnownFileType = sourcecode.swift; path = SceneDelegate.swift; sourceTree = "<group>"; };
		DD41006324FDAEF9009D3A24 /* ViewController.swift */ = {isa = PBXFileReference; lastKnownFileType = sourcecode.swift; path = ViewController.swift; sourceTree = "<group>"; };
		DD41006624FDAEF9009D3A24 /* Base */ = {isa = PBXFileReference; lastKnownFileType = file.storyboard; name = Base; path = Base.lproj/Main.storyboard; sourceTree = "<group>"; };
		DD41006824FDAEFA009D3A24 /* Assets.xcassets */ = {isa = PBXFileReference; lastKnownFileType = folder.assetcatalog; path = Assets.xcassets; sourceTree = "<group>"; };
		DD41006B24FDAEFA009D3A24 /* Base */ = {isa = PBXFileReference; lastKnownFileType = file.storyboard; name = Base; path = Base.lproj/LaunchScreen.storyboard; sourceTree = "<group>"; };
		DD41006D24FDAEFA009D3A24 /* Info.plist */ = {isa = PBXFileReference; lastKnownFileType = text.plist.xml; path = Info.plist; sourceTree = "<group>"; };
/* End PBXFileReference section */

/* Begin PBXFrameworksBuildPhase section */
		DD41005924FDAEF9009D3A24 /* Frameworks */ = {
			isa = PBXFrameworksBuildPhase;
			buildActionMask = 2147483647;
			files = (
			);
			runOnlyForDeploymentPostprocessing = 0;
		};
/* End PBXFrameworksBuildPhase section */

/* Begin PBXGroup section */
		DD41005324FDAEF9009D3A24 = {
			isa = PBXGroup;
			children = (
				DD41005E24FDAEF9009D3A24 /* Pensamentos */,
				DD41005D24FDAEF9009D3A24 /* Products */,
			);
			sourceTree = "<group>";
		};
		DD41005D24FDAEF9009D3A24 /* Products */ = {
			isa = PBXGroup;
			children = (
				DD41005C24FDAEF9009D3A24 /* Pensamentos.app */,
			);
			name = Products;
			sourceTree = "<group>";
		};
		DD41005E24FDAEF9009D3A24 /* Pensamentos */ = {
			isa = PBXGroup;
			children = (
				DD41005F24FDAEF9009D3A24 /* AppDelegate.swift */,
				DD41006124FDAEF9009D3A24 /* SceneDelegate.swift */,
				DD41006324FDAEF9009D3A24 /* ViewController.swift */,
				DD41006524FDAEF9009D3A24 /* Main.storyboard */,
				DD41006824FDAEFA009D3A24 /* Assets.xcassets */,
				DD41006A24FDAEFA009D3A24 /* LaunchScreen.storyboard */,
				DD41006D24FDAEFA009D3A24 /* Info.plist */,
			);
			path = Pensamentos;
			sourceTree = "<group>";
		};
/* End PBXGroup section */

/* Begin PBXNativeTarget section */
		DD41005B24FDAEF9009D3A24 /* Pensamentos */ = {
			isa = PBXNativeTarget;
			buildConfigurationList = DD41007024FDAEFA009D3A24 /* Build configuration list for PBXNativeTarget "Pensamentos" */;
			buildPhases = (
				DD41005824FDAEF9009D3A24 /* Sources */,
				DD41005924FDAEF9009D3A24 /* Frameworks */,
				DD41005A24FDAEF9009D3A24 /* Resources */,
			);
			buildRules = (
			);
			dependencies = (
			);
			name = Pensamentos;
			productName = Pensamentos;
			productReference = DD41005C24FDAEF9009D3A24 /* Pensamentos.app */;
			productType = "com.apple.product-type.application";
		};
/* End PBXNativeTarget section */

/* Begin PBXProject section */
		DD41005424FDAEF9009D3A24 /* Project object */ = {
			isa = PBXProject;
			attributes = {
				LastSwiftUpdateCheck = 1160;
				LastUpgradeCheck = 1160;
				ORGANIZATIONNAME = "Vinícius Tinajero Salomão";
				TargetAttributes = {
					DD41005B24FDAEF9009D3A24 = {
						CreatedOnToolsVersion = 11.6;
					};
				};
			};
			buildConfigurationList = DD41005724FDAEF9009D3A24 /* Build configuration list for PBXProject "Pensamentos" */;
			compatibilityVersion = "Xcode 9.3";
			developmentRegion = en;
			hasScannedForEncodings = 0;
			knownRegions = (
				en,
				Base,
			);
			mainGroup = DD41005324FDAEF9009D3A24;
			productRefGroup = DD41005D24FDAEF9009D3A24 /* Products */;
			projectDirPath = "";
			projectRoot = "";
			targets = (
				DD41005B24FDAEF9009D3A24 /* Pensamentos */,
			);
		};
/* End PBXProject section */

/* Begin PBXResourcesBuildPhase section */
		DD41005A24FDAEF9009D3A24 /* Resources */ = {
			isa = PBXResourcesBuildPhase;
			buildActionMask = 2147483647;
			files = (
				DD41006C24FDAEFA009D3A24 /* LaunchScreen.storyboard in Resources */,
				DD41006924FDAEFA009D3A24 /* Assets.xcassets in Resources */,
				DD41006724FDAEF9009D3A24 /* Main.storyboard in Resources */,
			);
			runOnlyForDeploymentPostprocessing = 0;
		};
/* End PBXResourcesBuildPhase section */

/* Begin PBXSourcesBuildPhase section */
		DD41005824FDAEF9009D3A24 /* Sources */ = {
			isa = PBXSourcesBuildPhase;
			buildActionMask = 2147483647;
			files = (
				DD41006424FDAEF9009D3A24 /* ViewController.swift in Sources */,
				DD41006024FDAEF9009D3A24 /* AppDelegate.swift in Sources */,
				DD41006224FDAEF9009D3A24 /* SceneDelegate.swift in Sources */,
			);
			runOnlyForDeploymentPostprocessing = 0;
		};
/* End PBXSourcesBuildPhase section */

/* Begin PBXVariantGroup section */
		DD41006524FDAEF9009D3A24 /* Main.storyboard */ = {
			isa = PBXVariantGroup;
			children = (
				DD41006624FDAEF9009D3A24 /* Base */,
			);
			name = Main.storyboard;
			sourceTree = "<group>";
		};
		DD41006A24FDAEFA009D3A24 /* LaunchScreen.storyboard */ = {
			isa = PBXVariantGroup;
			children = (
				DD41006B24FDAEFA009D3A24 /* Base */,
			);
			name = LaunchScreen.storyboard;
			sourceTree = "<group>";
		};
/* End PBXVariantGroup section */

/* Begin XCBuildConfiguration section */
		DD41006E24FDAEFA009D3A24 /* Debug */ = {
			isa = XCBuildConfiguration;
			buildSettings = {
				ALWAYS_SEARCH_USER_PATHS = NO;
				CLANG_ANALYZER_NONNULL = YES;
				CLANG_ANALYZER_NUMBER_OBJECT_CONVERSION = YES_AGGRESSIVE;
				CLANG_CXX_LANGUAGE_STANDARD = "gnu++14";
				CLANG_CXX_LIBRARY = "libc++";
				CLANG_ENABLE_MODULES = YES;
				CLANG_ENABLE_OBJC_ARC = YES;
				CLANG_ENABLE_OBJC_WEAK = YES;
				CLANG_WARN_BLOCK_CAPTURE_AUTORELEASING = YES;
				CLANG_WARN_BOOL_CONVERSION = YES;
				CLANG_WARN_COMMA = YES;
				CLANG_WARN_CONSTANT_CONVERSION = YES;
				CLANG_WARN_DEPRECATED_OBJC_IMPLEMENTATIONS = YES;
				CLANG_WARN_DIRECT_OBJC_ISA_USAGE = YES_ERROR;
				CLANG_WARN_DOCUMENTATION_COMMENTS = YES;
				CLANG_WARN_EMPTY_BODY = YES;
				CLANG_WARN_ENUM_CONVERSION = YES;
				CLANG_WARN_INFINITE_RECURSION = YES;
				CLANG_WARN_INT_CONVERSION = YES;
				CLANG_WARN_NON_LITERAL_NULL_CONVERSION = YES;
				CLANG_WARN_OBJC_IMPLICIT_RETAIN_SELF = YES;
				CLANG_WARN_OBJC_LITERAL_CONVERSION = YES;
				CLANG_WARN_OBJC_ROOT_CLASS = YES_ERROR;
				CLANG_WARN_RANGE_LOOP_ANALYSIS = YES;
				CLANG_WARN_STRICT_PROTOTYPES = YES;
				CLANG_WARN_SUSPICIOUS_MOVE = YES;
				CLANG_WARN_UNGUARDED_AVAILABILITY = YES_AGGRESSIVE;
				CLANG_WARN_UNREACHABLE_CODE = YES;
				CLANG_WARN__DUPLICATE_METHOD_MATCH = YES;
				COPY_PHASE_STRIP = NO;
				DEBUG_INFORMATION_FORMAT = dwarf;
				ENABLE_STRICT_OBJC_MSGSEND = YES;
				ENABLE_TESTABILITY = YES;
				GCC_C_LANGUAGE_STANDARD = gnu11;
				GCC_DYNAMIC_NO_PIC = NO;
				GCC_NO_COMMON_BLOCKS = YES;
				GCC_OPTIMIZATION_LEVEL = 0;
				GCC_PREPROCESSOR_DEFINITIONS = (
					"DEBUG=1",
					"$(inherited)",
				);
				GCC_WARN_64_TO_32_BIT_CONVERSION = YES;
				GCC_WARN_ABOUT_RETURN_TYPE = YES_ERROR;
				GCC_WARN_UNDECLARED_SELECTOR = YES;
				GCC_WARN_UNINITIALIZED_AUTOS = YES_AGGRESSIVE;
				GCC_WARN_UNUSED_FUNCTION = YES;
				GCC_WARN_UNUSED_VARIABLE = YES;
				IPHONEOS_DEPLOYMENT_TARGET = 13.6;
				MTL_ENABLE_DEBUG_INFO = INCLUDE_SOURCE;
				MTL_FAST_MATH = YES;
				ONLY_ACTIVE_ARCH = YES;
				SDKROOT = iphoneos;
				SWIFT_ACTIVE_COMPILATION_CONDITIONS = DEBUG;
				SWIFT_OPTIMIZATION_LEVEL = "-Onone";
			};
			name = Debug;
		};
		DD41006F24FDAEFA009D3A24 /* Release */ = {
			isa = XCBuildConfiguration;
			buildSettings = {
				ALWAYS_SEARCH_USER_PATHS = NO;
				CLANG_ANALYZER_NONNULL = YES;
				CLANG_ANALYZER_NUMBER_OBJECT_CONVERSION = YES_AGGRESSIVE;
				CLANG_CXX_LANGUAGE_STANDARD = "gnu++14";
				CLANG_CXX_LIBRARY = "libc++";
				CLANG_ENABLE_MODULES = YES;
				CLANG_ENABLE_OBJC_ARC = YES;
				CLANG_ENABLE_OBJC_WEAK = YES;
				CLANG_WARN_BLOCK_CAPTURE_AUTORELEASING = YES;
				CLANG_WARN_BOOL_CONVERSION = YES;
				CLANG_WARN_COMMA = YES;
				CLANG_WARN_CONSTANT_CONVERSION = YES;
				CLANG_WARN_DEPRECATED_OBJC_IMPLEMENTATIONS = YES;
				CLANG_WARN_DIRECT_OBJC_ISA_USAGE = YES_ERROR;
				CLANG_WARN_DOCUMENTATION_COMMENTS = YES;
				CLANG_WARN_EMPTY_BODY = YES;
				CLANG_WARN_ENUM_CONVERSION = YES;
				CLANG_WARN_INFINITE_RECURSION = YES;
				CLANG_WARN_INT_CONVERSION = YES;
				CLANG_WARN_NON_LITERAL_NULL_CONVERSION = YES;
				CLANG_WARN_OBJC_IMPLICIT_RETAIN_SELF = YES;
				CLANG_WARN_OBJC_LITERAL_CONVERSION = YES;
				CLANG_WARN_OBJC_ROOT_CLASS = YES_ERROR;
				CLANG_WARN_RANGE_LOOP_ANALYSIS = YES;
				CLANG_WARN_STRICT_PROTOTYPES = YES;
				CLANG_WARN_SUSPICIOUS_MOVE = YES;
				CLANG_WARN_UNGUARDED_AVAILABILITY = YES_AGGRESSIVE;
				CLANG_WARN_UNREACHABLE_CODE = YES;
				CLANG_WARN__DUPLICATE_METHOD_MATCH = YES;
				COPY_PHASE_STRIP = NO;
				DEBUG_INFORMATION_FORMAT = "dwarf-with-dsym";
				ENABLE_NS_ASSERTIONS = NO;
				ENABLE_STRICT_OBJC_MSGSEND = YES;
				GCC_C_LANGUAGE_STANDARD = gnu11;
				GCC_NO_COMMON_BLOCKS = YES;
				GCC_WARN_64_TO_32_BIT_CONVERSION = YES;
				GCC_WARN_ABOUT_RETURN_TYPE = YES_ERROR;
				GCC_WARN_UNDECLARED_SELECTOR = YES;
				GCC_WARN_UNINITIALIZED_AUTOS = YES_AGGRESSIVE;
				GCC_WARN_UNUSED_FUNCTION = YES;
				GCC_WARN_UNUSED_VARIABLE = YES;
				IPHONEOS_DEPLOYMENT_TARGET = 13.6;
				MTL_ENABLE_DEBUG_INFO = NO;
				MTL_FAST_MATH = YES;
				SDKROOT = iphoneos;
				SWIFT_COMPILATION_MODE = wholemodule;
				SWIFT_OPTIMIZATION_LEVEL = "-O";
				VALIDATE_PRODUCT = YES;
			};
			name = Release;
		};
		DD41007124FDAEFA009D3A24 /* Debug */ = {
			isa = XCBuildConfiguration;
			buildSettings = {
				ASSETCATALOG_COMPILER_APPICON_NAME = AppIcon;
				CODE_SIGN_STYLE = Automatic;
				INFOPLIST_FILE = Pensamentos/Info.plist;
				LD_RUNPATH_SEARCH_PATHS = (
					"$(inherited)",
					"@executable_path/Frameworks",
				);
				PRODUCT_BUNDLE_IDENTIFIER = com.viniciustsalomao.Pensamentos;
				PRODUCT_NAME = "$(TARGET_NAME)";
				SWIFT_VERSION = 5.0;
				TARGETED_DEVICE_FAMILY = "1,2";
			};
			name = Debug;
		};
		DD41007224FDAEFA009D3A24 /* Release */ = {
			isa = XCBuildConfiguration;
			buildSettings = {
				ASSETCATALOG_COMPILER_APPICON_NAME = AppIcon;
				CODE_SIGN_STYLE = Automatic;
				INFOPLIST_FILE = Pensamentos/Info.plist;
				LD_RUNPATH_SEARCH_PATHS = (
					"$(inherited)",
					"@executable_path/Frameworks",
				);
				PRODUCT_BUNDLE_IDENTIFIER = com.viniciustsalomao.Pensamentos;
				PRODUCT_NAME = "$(TARGET_NAME)";
				SWIFT_VERSION = 5.0;
				TARGETED_DEVICE_FAMILY = "1,2";
			};
			name = Release;
		};
/* End XCBuildConfiguration section */

/* Begin XCConfigurationList section */
		DD41005724FDAEF9009D3A24 /* Build configuration list for PBXProject "Pensamentos" */ = {
			isa = XCConfigurationList;
			buildConfigurations = (
				DD41006E24FDAEFA009D3A24 /* Debug */,
				DD41006F24FDAEFA009D3A24 /* Release */,
			);
			defaultConfigurationIsVisible = 0;
			defaultConfigurationName = Release;
		};
		DD41007024FDAEFA009D3A24 /* Build configuration list for PBXNativeTarget "Pensamentos" */ = {
			isa = XCConfigurationList;
			buildConfigurations = (
				DD41007124FDAEFA009D3A24 /* Debug */,
				DD41007224FDAEFA009D3A24 /* Release */,
			);
			defaultConfigurationIsVisible = 0;
			defaultConfigurationName = Release;
		};
/* End XCConfigurationList section */
	};
	rootObject = DD41005424FDAEF9009D3A24 /* Project object */;
}
